// !$*UTF8*$!
{
	archiveVersion = 1;
	classes = {
	};
	objectVersion = 50;
	objects = {

/* Begin PBXBuildFile section */
		C28D4B09238113B4004F6670 /* BOBThreeBallLoading1.m in Sources */ = {isa = PBXBuildFile; fileRef = C28D4B08238113B4004F6670 /* BOBThreeBallLoading1.m */; };
		C28D4B0E23813EB9004F6670 /* BOBSevenBallLoading2.m in Sources */ = {isa = PBXBuildFile; fileRef = C28D4B0D23813EB9004F6670 /* BOBSevenBallLoading2.m */; };
		C28D4B122388FC86004F6670 /* BOBLightBlueLoading1.m in Sources */ = {isa = PBXBuildFile; fileRef = C28D4B112388FC86004F6670 /* BOBLightBlueLoading1.m */; };
		C28D4B15238937BE004F6670 /* BOBLightBlueLoading2.m in Sources */ = {isa = PBXBuildFile; fileRef = C28D4B14238937BE004F6670 /* BOBLightBlueLoading2.m */; };
		C28D4B1923893889004F6670 /* BOBLoadingTool.m in Sources */ = {isa = PBXBuildFile; fileRef = C28D4B1823893889004F6670 /* BOBLoadingTool.m */; };
		C28D4B1C23894340004F6670 /* BOBLightBlueLoading3.m in Sources */ = {isa = PBXBuildFile; fileRef = C28D4B1B23894340004F6670 /* BOBLightBlueLoading3.m */; };
		C28D4B1F23896B34004F6670 /* BOBLightBlueLoading4.m in Sources */ = {isa = PBXBuildFile; fileRef = C28D4B1E23896B34004F6670 /* BOBLightBlueLoading4.m */; };
		C28D4B252389746F004F6670 /* BOBLightBlueLoading5.m in Sources */ = {isa = PBXBuildFile; fileRef = C28D4B242389746F004F6670 /* BOBLightBlueLoading5.m */; };
		DF30A7A3237140F20038F018 /* BOBLoadingNieDiamondView.m in Sources */ = {isa = PBXBuildFile; fileRef = DF30A7A2237140F20038F018 /* BOBLoadingNieDiamondView.m */; };
		DF6DEF0D237BA85C005FF6C7 /* BOBLoadingThreeBallView.m in Sources */ = {isa = PBXBuildFile; fileRef = DF6DEF0C237BA85C005FF6C7 /* BOBLoadingThreeBallView.m */; };
		DF6DEF10237BAFA9005FF6C7 /* BOBLoadingFiveBallMove.m in Sources */ = {isa = PBXBuildFile; fileRef = DF6DEF0F237BAFA9005FF6C7 /* BOBLoadingFiveBallMove.m */; };
		DF6DEF13237BCD45005FF6C7 /* BOBLoadingEightArcView.m in Sources */ = {isa = PBXBuildFile; fileRef = DF6DEF12237BCD45005FF6C7 /* BOBLoadingEightArcView.m */; };
		DF6DEF16237CE702005FF6C7 /* BOBLoadingSixOneView.m in Sources */ = {isa = PBXBuildFile; fileRef = DF6DEF15237CE702005FF6C7 /* BOBLoadingSixOneView.m */; };
		DFB90DD3233C5CD800C4D179 /* AppDelegate.m in Sources */ = {isa = PBXBuildFile; fileRef = DFB90DD2233C5CD800C4D179 /* AppDelegate.m */; };
		DFB90DD6233C5CD900C4D179 /* ViewController.m in Sources */ = {isa = PBXBuildFile; fileRef = DFB90DD5233C5CD900C4D179 /* ViewController.m */; };
		DFB90DD9233C5CD900C4D179 /* Main.storyboard in Resources */ = {isa = PBXBuildFile; fileRef = DFB90DD7233C5CD900C4D179 /* Main.storyboard */; };
		DFB90DDB233C5CDA00C4D179 /* Assets.xcassets in Resources */ = {isa = PBXBuildFile; fileRef = DFB90DDA233C5CDA00C4D179 /* Assets.xcassets */; };
		DFB90DDE233C5CDA00C4D179 /* LaunchScreen.storyboard in Resources */ = {isa = PBXBuildFile; fileRef = DFB90DDC233C5CDA00C4D179 /* LaunchScreen.storyboard */; };
		DFB90DE1233C5CDA00C4D179 /* main.m in Sources */ = {isa = PBXBuildFile; fileRef = DFB90DE0233C5CDA00C4D179 /* main.m */; };
		DFB90DEB233C5CDB00C4D179 /* BOBAnimationGroupTests.m in Sources */ = {isa = PBXBuildFile; fileRef = DFB90DEA233C5CDB00C4D179 /* BOBAnimationGroupTests.m */; };
		DFB90DF6233C5CDB00C4D179 /* BOBAnimationGroupUITests.m in Sources */ = {isa = PBXBuildFile; fileRef = DFB90DF5233C5CDB00C4D179 /* BOBAnimationGroupUITests.m */; };
		DFB90E05233C602C00C4D179 /* BOBAnimationCanvasView.m in Sources */ = {isa = PBXBuildFile; fileRef = DFB90E04233C602C00C4D179 /* BOBAnimationCanvasView.m */; };
		DFB90E09233C61FB00C4D179 /* BOBBallChangeTrangle.m in Sources */ = {isa = PBXBuildFile; fileRef = DFB90E08233C61FB00C4D179 /* BOBBallChangeTrangle.m */; };
		DFE702FF23863338001D987C /* BOBLoadingGroupSub3.m in Sources */ = {isa = PBXBuildFile; fileRef = DFE702FE23863338001D987C /* BOBLoadingGroupSub3.m */; };
		DFE70302238777CF001D987C /* BOBLoadingGroupStarSub4.m in Sources */ = {isa = PBXBuildFile; fileRef = DFE70301238777CF001D987C /* BOBLoadingGroupStarSub4.m */; };
/* End PBXBuildFile section */

/* Begin PBXContainerItemProxy section */
		DFB90DE7233C5CDB00C4D179 /* PBXContainerItemProxy */ = {
			isa = PBXContainerItemProxy;
			containerPortal = DFB90DC6233C5CD800C4D179 /* Project object */;
			proxyType = 1;
			remoteGlobalIDString = DFB90DCD233C5CD800C4D179;
			remoteInfo = BOBAnimationGroup;
		};
		DFB90DF2233C5CDB00C4D179 /* PBXContainerItemProxy */ = {
			isa = PBXContainerItemProxy;
			containerPortal = DFB90DC6233C5CD800C4D179 /* Project object */;
			proxyType = 1;
			remoteGlobalIDString = DFB90DCD233C5CD800C4D179;
			remoteInfo = BOBAnimationGroup;
		};
/* End PBXContainerItemProxy section */

/* Begin PBXFileReference section */
		C28D4B07238113B4004F6670 /* BOBThreeBallLoading1.h */ = {isa = PBXFileReference; lastKnownFileType = sourcecode.c.h; path = BOBThreeBallLoading1.h; sourceTree = "<group>"; };
		C28D4B08238113B4004F6670 /* BOBThreeBallLoading1.m */ = {isa = PBXFileReference; lastKnownFileType = sourcecode.c.objc; path = BOBThreeBallLoading1.m; sourceTree = "<group>"; };
		C28D4B0B23811727004F6670 /* BOBPchHeader.pch */ = {isa = PBXFileReference; fileEncoding = 4; lastKnownFileType = sourcecode.c.h; path = BOBPchHeader.pch; sourceTree = "<group>"; };
		C28D4B0C23813EB9004F6670 /* BOBSevenBallLoading2.h */ = {isa = PBXFileReference; lastKnownFileType = sourcecode.c.h; path = BOBSevenBallLoading2.h; sourceTree = "<group>"; };
		C28D4B0D23813EB9004F6670 /* BOBSevenBallLoading2.m */ = {isa = PBXFileReference; lastKnownFileType = sourcecode.c.objc; path = BOBSevenBallLoading2.m; sourceTree = "<group>"; };
		C28D4B102388FC86004F6670 /* BOBLightBlueLoading1.h */ = {isa = PBXFileReference; lastKnownFileType = sourcecode.c.h; path = BOBLightBlueLoading1.h; sourceTree = "<group>"; };
		C28D4B112388FC86004F6670 /* BOBLightBlueLoading1.m */ = {isa = PBXFileReference; lastKnownFileType = sourcecode.c.objc; path = BOBLightBlueLoading1.m; sourceTree = "<group>"; };
		C28D4B13238937BE004F6670 /* BOBLightBlueLoading2.h */ = {isa = PBXFileReference; lastKnownFileType = sourcecode.c.h; path = BOBLightBlueLoading2.h; sourceTree = "<group>"; };
		C28D4B14238937BE004F6670 /* BOBLightBlueLoading2.m */ = {isa = PBXFileReference; lastKnownFileType = sourcecode.c.objc; path = BOBLightBlueLoading2.m; sourceTree = "<group>"; };
		C28D4B1723893889004F6670 /* BOBLoadingTool.h */ = {isa = PBXFileReference; lastKnownFileType = sourcecode.c.h; path = BOBLoadingTool.h; sourceTree = "<group>"; };
		C28D4B1823893889004F6670 /* BOBLoadingTool.m */ = {isa = PBXFileReference; lastKnownFileType = sourcecode.c.objc; path = BOBLoadingTool.m; sourceTree = "<group>"; };
		C28D4B1A23894340004F6670 /* BOBLightBlueLoading3.h */ = {isa = PBXFileReference; lastKnownFileType = sourcecode.c.h; path = BOBLightBlueLoading3.h; sourceTree = "<group>"; };
		C28D4B1B23894340004F6670 /* BOBLightBlueLoading3.m */ = {isa = PBXFileReference; lastKnownFileType = sourcecode.c.objc; path = BOBLightBlueLoading3.m; sourceTree = "<group>"; };
		C28D4B1D23896B34004F6670 /* BOBLightBlueLoading4.h */ = {isa = PBXFileReference; lastKnownFileType = sourcecode.c.h; path = BOBLightBlueLoading4.h; sourceTree = "<group>"; };
		C28D4B1E23896B34004F6670 /* BOBLightBlueLoading4.m */ = {isa = PBXFileReference; lastKnownFileType = sourcecode.c.objc; path = BOBLightBlueLoading4.m; sourceTree = "<group>"; };
		C28D4B232389746F004F6670 /* BOBLightBlueLoading5.h */ = {isa = PBXFileReference; lastKnownFileType = sourcecode.c.h; path = BOBLightBlueLoading5.h; sourceTree = "<group>"; };
		C28D4B242389746F004F6670 /* BOBLightBlueLoading5.m */ = {isa = PBXFileReference; lastKnownFileType = sourcecode.c.objc; path = BOBLightBlueLoading5.m; sourceTree = "<group>"; };
		DF30A7A1237140F20038F018 /* BOBLoadingNieDiamondView.h */ = {isa = PBXFileReference; lastKnownFileType = sourcecode.c.h; path = BOBLoadingNieDiamondView.h; sourceTree = "<group>"; };
		DF30A7A2237140F20038F018 /* BOBLoadingNieDiamondView.m */ = {isa = PBXFileReference; lastKnownFileType = sourcecode.c.objc; path = BOBLoadingNieDiamondView.m; sourceTree = "<group>"; };
		DF6DEF0B237BA85C005FF6C7 /* BOBLoadingThreeBallView.h */ = {isa = PBXFileReference; lastKnownFileType = sourcecode.c.h; path = BOBLoadingThreeBallView.h; sourceTree = "<group>"; };
		DF6DEF0C237BA85C005FF6C7 /* BOBLoadingThreeBallView.m */ = {isa = PBXFileReference; lastKnownFileType = sourcecode.c.objc; path = BOBLoadingThreeBallView.m; sourceTree = "<group>"; };
		DF6DEF0E237BAFA9005FF6C7 /* BOBLoadingFiveBallMove.h */ = {isa = PBXFileReference; lastKnownFileType = sourcecode.c.h; path = BOBLoadingFiveBallMove.h; sourceTree = "<group>"; };
		DF6DEF0F237BAFA9005FF6C7 /* BOBLoadingFiveBallMove.m */ = {isa = PBXFileReference; lastKnownFileType = sourcecode.c.objc; path = BOBLoadingFiveBallMove.m; sourceTree = "<group>"; };
		DF6DEF11237BCD45005FF6C7 /* BOBLoadingEightArcView.h */ = {isa = PBXFileReference; lastKnownFileType = sourcecode.c.h; path = BOBLoadingEightArcView.h; sourceTree = "<group>"; };
		DF6DEF12237BCD45005FF6C7 /* BOBLoadingEightArcView.m */ = {isa = PBXFileReference; lastKnownFileType = sourcecode.c.objc; path = BOBLoadingEightArcView.m; sourceTree = "<group>"; };
		DF6DEF14237CE702005FF6C7 /* BOBLoadingSixOneView.h */ = {isa = PBXFileReference; lastKnownFileType = sourcecode.c.h; path = BOBLoadingSixOneView.h; sourceTree = "<group>"; };
		DF6DEF15237CE702005FF6C7 /* BOBLoadingSixOneView.m */ = {isa = PBXFileReference; lastKnownFileType = sourcecode.c.objc; path = BOBLoadingSixOneView.m; sourceTree = "<group>"; };
		DFB90DCE233C5CD800C4D179 /* BOBAnimationGroup.app */ = {isa = PBXFileReference; explicitFileType = wrapper.application; includeInIndex = 0; path = BOBAnimationGroup.app; sourceTree = BUILT_PRODUCTS_DIR; };
		DFB90DD1233C5CD800C4D179 /* AppDelegate.h */ = {isa = PBXFileReference; lastKnownFileType = sourcecode.c.h; path = AppDelegate.h; sourceTree = "<group>"; };
		DFB90DD2233C5CD800C4D179 /* AppDelegate.m */ = {isa = PBXFileReference; lastKnownFileType = sourcecode.c.objc; path = AppDelegate.m; sourceTree = "<group>"; };
		DFB90DD4233C5CD900C4D179 /* ViewController.h */ = {isa = PBXFileReference; lastKnownFileType = sourcecode.c.h; path = ViewController.h; sourceTree = "<group>"; };
		DFB90DD5233C5CD900C4D179 /* ViewController.m */ = {isa = PBXFileReference; lastKnownFileType = sourcecode.c.objc; path = ViewController.m; sourceTree = "<group>"; };
		DFB90DD8233C5CD900C4D179 /* Base */ = {isa = PBXFileReference; lastKnownFileType = file.storyboard; name = Base; path = Base.lproj/Main.storyboard; sourceTree = "<group>"; };
		DFB90DDA233C5CDA00C4D179 /* Assets.xcassets */ = {isa = PBXFileReference; lastKnownFileType = folder.assetcatalog; path = Assets.xcassets; sourceTree = "<group>"; };
		DFB90DDD233C5CDA00C4D179 /* Base */ = {isa = PBXFileReference; lastKnownFileType = file.storyboard; name = Base; path = Base.lproj/LaunchScreen.storyboard; sourceTree = "<group>"; };
		DFB90DDF233C5CDA00C4D179 /* Info.plist */ = {isa = PBXFileReference; lastKnownFileType = text.plist.xml; path = Info.plist; sourceTree = "<group>"; };
		DFB90DE0233C5CDA00C4D179 /* main.m */ = {isa = PBXFileReference; lastKnownFileType = sourcecode.c.objc; path = main.m; sourceTree = "<group>"; };
		DFB90DE6233C5CDB00C4D179 /* BOBAnimationGroupTests.xctest */ = {isa = PBXFileReference; explicitFileType = wrapper.cfbundle; includeInIndex = 0; path = BOBAnimationGroupTests.xctest; sourceTree = BUILT_PRODUCTS_DIR; };
		DFB90DEA233C5CDB00C4D179 /* BOBAnimationGroupTests.m */ = {isa = PBXFileReference; lastKnownFileType = sourcecode.c.objc; path = BOBAnimationGroupTests.m; sourceTree = "<group>"; };
		DFB90DEC233C5CDB00C4D179 /* Info.plist */ = {isa = PBXFileReference; lastKnownFileType = text.plist.xml; path = Info.plist; sourceTree = "<group>"; };
		DFB90DF1233C5CDB00C4D179 /* BOBAnimationGroupUITests.xctest */ = {isa = PBXFileReference; explicitFileType = wrapper.cfbundle; includeInIndex = 0; path = BOBAnimationGroupUITests.xctest; sourceTree = BUILT_PRODUCTS_DIR; };
		DFB90DF5233C5CDB00C4D179 /* BOBAnimationGroupUITests.m */ = {isa = PBXFileReference; lastKnownFileType = sourcecode.c.objc; path = BOBAnimationGroupUITests.m; sourceTree = "<group>"; };
		DFB90DF7233C5CDB00C4D179 /* Info.plist */ = {isa = PBXFileReference; lastKnownFileType = text.plist.xml; path = Info.plist; sourceTree = "<group>"; };
		DFB90E03233C602C00C4D179 /* BOBAnimationCanvasView.h */ = {isa = PBXFileReference; lastKnownFileType = sourcecode.c.h; path = BOBAnimationCanvasView.h; sourceTree = "<group>"; };
		DFB90E04233C602C00C4D179 /* BOBAnimationCanvasView.m */ = {isa = PBXFileReference; lastKnownFileType = sourcecode.c.objc; path = BOBAnimationCanvasView.m; sourceTree = "<group>"; };
		DFB90E07233C61FB00C4D179 /* BOBBallChangeTrangle.h */ = {isa = PBXFileReference; lastKnownFileType = sourcecode.c.h; path = BOBBallChangeTrangle.h; sourceTree = "<group>"; };
		DFB90E08233C61FB00C4D179 /* BOBBallChangeTrangle.m */ = {isa = PBXFileReference; lastKnownFileType = sourcecode.c.objc; path = BOBBallChangeTrangle.m; sourceTree = "<group>"; };
		DFE702FD23863338001D987C /* BOBLoadingGroupSub3.h */ = {isa = PBXFileReference; lastKnownFileType = sourcecode.c.h; path = BOBLoadingGroupSub3.h; sourceTree = "<group>"; };
		DFE702FE23863338001D987C /* BOBLoadingGroupSub3.m */ = {isa = PBXFileReference; lastKnownFileType = sourcecode.c.objc; path = BOBLoadingGroupSub3.m; sourceTree = "<group>"; };
		DFE70300238777CF001D987C /* BOBLoadingGroupStarSub4.h */ = {isa = PBXFileReference; lastKnownFileType = sourcecode.c.h; path = BOBLoadingGroupStarSub4.h; sourceTree = "<group>"; };
		DFE70301238777CF001D987C /* BOBLoadingGroupStarSub4.m */ = {isa = PBXFileReference; lastKnownFileType = sourcecode.c.objc; path = BOBLoadingGroupStarSub4.m; sourceTree = "<group>"; };
/* End PBXFileReference section */

/* Begin PBXFrameworksBuildPhase section */
		DFB90DCB233C5CD800C4D179 /* Frameworks */ = {
			isa = PBXFrameworksBuildPhase;
			buildActionMask = 2147483647;
			files = (
			);
			runOnlyForDeploymentPostprocessing = 0;
		};
		DFB90DE3233C5CDB00C4D179 /* Frameworks */ = {
			isa = PBXFrameworksBuildPhase;
			buildActionMask = 2147483647;
			files = (
			);
			runOnlyForDeploymentPostprocessing = 0;
		};
		DFB90DEE233C5CDB00C4D179 /* Frameworks */ = {
			isa = PBXFrameworksBuildPhase;
			buildActionMask = 2147483647;
			files = (
			);
			runOnlyForDeploymentPostprocessing = 0;
		};
/* End PBXFrameworksBuildPhase section */

/* Begin PBXGroup section */
		C28D4B052381136B004F6670 /* LoadingGroup1 */ = {
			isa = PBXGroup;
			children = (
				C28D4B0F2388FC56004F6670 /* LightBlueLoading */,
				C28D4B0623811395004F6670 /* Loading1 */,
			);
			path = LoadingGroup1;
			sourceTree = "<group>";
		};
		C28D4B0623811395004F6670 /* Loading1 */ = {
			isa = PBXGroup;
			children = (
				C28D4B07238113B4004F6670 /* BOBThreeBallLoading1.h */,
				C28D4B08238113B4004F6670 /* BOBThreeBallLoading1.m */,
				C28D4B0C23813EB9004F6670 /* BOBSevenBallLoading2.h */,
				C28D4B0D23813EB9004F6670 /* BOBSevenBallLoading2.m */,
				DFE702FD23863338001D987C /* BOBLoadingGroupSub3.h */,
				DFE702FE23863338001D987C /* BOBLoadingGroupSub3.m */,
				DFE70300238777CF001D987C /* BOBLoadingGroupStarSub4.h */,
				DFE70301238777CF001D987C /* BOBLoadingGroupStarSub4.m */,
			);
			path = Loading1;
			sourceTree = "<group>";
		};
		C28D4B0F2388FC56004F6670 /* LightBlueLoading */ = {
			isa = PBXGroup;
			children = (
				C28D4B102388FC86004F6670 /* BOBLightBlueLoading1.h */,
				C28D4B112388FC86004F6670 /* BOBLightBlueLoading1.m */,
				C28D4B13238937BE004F6670 /* BOBLightBlueLoading2.h */,
				C28D4B14238937BE004F6670 /* BOBLightBlueLoading2.m */,
				C28D4B1A23894340004F6670 /* BOBLightBlueLoading3.h */,
				C28D4B1B23894340004F6670 /* BOBLightBlueLoading3.m */,
				C28D4B1D23896B34004F6670 /* BOBLightBlueLoading4.h */,
				C28D4B1E23896B34004F6670 /* BOBLightBlueLoading4.m */,
				C28D4B232389746F004F6670 /* BOBLightBlueLoading5.h */,
				C28D4B242389746F004F6670 /* BOBLightBlueLoading5.m */,
			);
			path = LightBlueLoading;
			sourceTree = "<group>";
		};
		C28D4B1623893863004F6670 /* Tool */ = {
			isa = PBXGroup;
			children = (
				C28D4B1723893889004F6670 /* BOBLoadingTool.h */,
				C28D4B1823893889004F6670 /* BOBLoadingTool.m */,
			);
			path = Tool;
			sourceTree = "<group>";
		};
		DFB90DC5233C5CD800C4D179 = {
			isa = PBXGroup;
			children = (
				DFB90DD0233C5CD800C4D179 /* BOBAnimationGroup */,
				DFB90DE9233C5CDB00C4D179 /* BOBAnimationGroupTests */,
				DFB90DF4233C5CDB00C4D179 /* BOBAnimationGroupUITests */,
				DFB90DCF233C5CD800C4D179 /* Products */,
			);
			sourceTree = "<group>";
		};
		DFB90DCF233C5CD800C4D179 /* Products */ = {
			isa = PBXGroup;
			children = (
				DFB90DCE233C5CD800C4D179 /* BOBAnimationGroup.app */,
				DFB90DE6233C5CDB00C4D179 /* BOBAnimationGroupTests.xctest */,
				DFB90DF1233C5CDB00C4D179 /* BOBAnimationGroupUITests.xctest */,
			);
			name = Products;
			sourceTree = "<group>";
		};
		DFB90DD0233C5CD800C4D179 /* BOBAnimationGroup */ = {
			isa = PBXGroup;
			children = (
				DFB90DD1233C5CD800C4D179 /* AppDelegate.h */,
				DFB90DD2233C5CD800C4D179 /* AppDelegate.m */,
				DFB90DD4233C5CD900C4D179 /* ViewController.h */,
				DFB90DD5233C5CD900C4D179 /* ViewController.m */,
				DFB90E03233C602C00C4D179 /* BOBAnimationCanvasView.h */,
				DFB90E04233C602C00C4D179 /* BOBAnimationCanvasView.m */,
				DFB90E06233C605F00C4D179 /* BOBLoading */,
				DFB90DD7233C5CD900C4D179 /* Main.storyboard */,
				DFB90DDA233C5CDA00C4D179 /* Assets.xcassets */,
				DFB90DDC233C5CDA00C4D179 /* LaunchScreen.storyboard */,
				DFB90DDF233C5CDA00C4D179 /* Info.plist */,
				C28D4B0B23811727004F6670 /* BOBPchHeader.pch */,
				DFB90DE0233C5CDA00C4D179 /* main.m */,
			);
			path = BOBAnimationGroup;
			sourceTree = "<group>";
		};
		DFB90DE9233C5CDB00C4D179 /* BOBAnimationGroupTests */ = {
			isa = PBXGroup;
			children = (
				DFB90DEA233C5CDB00C4D179 /* BOBAnimationGroupTests.m */,
				DFB90DEC233C5CDB00C4D179 /* Info.plist */,
			);
			path = BOBAnimationGroupTests;
			sourceTree = "<group>";
		};
		DFB90DF4233C5CDB00C4D179 /* BOBAnimationGroupUITests */ = {
			isa = PBXGroup;
			children = (
				DFB90DF5233C5CDB00C4D179 /* BOBAnimationGroupUITests.m */,
				DFB90DF7233C5CDB00C4D179 /* Info.plist */,
			);
			path = BOBAnimationGroupUITests;
			sourceTree = "<group>";
		};
		DFB90E06233C605F00C4D179 /* BOBLoading */ = {
			isa = PBXGroup;
			children = (
				DFB90E07233C61FB00C4D179 /* BOBBallChangeTrangle.h */,
				DFB90E08233C61FB00C4D179 /* BOBBallChangeTrangle.m */,
				DF30A7A1237140F20038F018 /* BOBLoadingNieDiamondView.h */,
				DF30A7A2237140F20038F018 /* BOBLoadingNieDiamondView.m */,
				DF6DEF0B237BA85C005FF6C7 /* BOBLoadingThreeBallView.h */,
				DF6DEF0C237BA85C005FF6C7 /* BOBLoadingThreeBallView.m */,
				DF6DEF0E237BAFA9005FF6C7 /* BOBLoadingFiveBallMove.h */,
				DF6DEF0F237BAFA9005FF6C7 /* BOBLoadingFiveBallMove.m */,
				DF6DEF11237BCD45005FF6C7 /* BOBLoadingEightArcView.h */,
				DF6DEF12237BCD45005FF6C7 /* BOBLoadingEightArcView.m */,
				DF6DEF14237CE702005FF6C7 /* BOBLoadingSixOneView.h */,
				DF6DEF15237CE702005FF6C7 /* BOBLoadingSixOneView.m */,
				C28D4B052381136B004F6670 /* LoadingGroup1 */,
				C28D4B1623893863004F6670 /* Tool */,
			);
			path = BOBLoading;
			sourceTree = "<group>";
		};
/* End PBXGroup section */

/* Begin PBXNativeTarget section */
		DFB90DCD233C5CD800C4D179 /* BOBAnimationGroup */ = {
			isa = PBXNativeTarget;
			buildConfigurationList = DFB90DFA233C5CDB00C4D179 /* Build configuration list for PBXNativeTarget "BOBAnimationGroup" */;
			buildPhases = (
				DFB90DCA233C5CD800C4D179 /* Sources */,
				DFB90DCB233C5CD800C4D179 /* Frameworks */,
				DFB90DCC233C5CD800C4D179 /* Resources */,
			);
			buildRules = (
			);
			dependencies = (
			);
			name = BOBAnimationGroup;
			productName = BOBAnimationGroup;
			productReference = DFB90DCE233C5CD800C4D179 /* BOBAnimationGroup.app */;
			productType = "com.apple.product-type.application";
		};
		DFB90DE5233C5CDB00C4D179 /* BOBAnimationGroupTests */ = {
			isa = PBXNativeTarget;
			buildConfigurationList = DFB90DFD233C5CDB00C4D179 /* Build configuration list for PBXNativeTarget "BOBAnimationGroupTests" */;
			buildPhases = (
				DFB90DE2233C5CDB00C4D179 /* Sources */,
				DFB90DE3233C5CDB00C4D179 /* Frameworks */,
				DFB90DE4233C5CDB00C4D179 /* Resources */,
			);
			buildRules = (
			);
			dependencies = (
				DFB90DE8233C5CDB00C4D179 /* PBXTargetDependency */,
			);
			name = BOBAnimationGroupTests;
			productName = BOBAnimationGroupTests;
			productReference = DFB90DE6233C5CDB00C4D179 /* BOBAnimationGroupTests.xctest */;
			productType = "com.apple.product-type.bundle.unit-test";
		};
		DFB90DF0233C5CDB00C4D179 /* BOBAnimationGroupUITests */ = {
			isa = PBXNativeTarget;
			buildConfigurationList = DFB90E00233C5CDB00C4D179 /* Build configuration list for PBXNativeTarget "BOBAnimationGroupUITests" */;
			buildPhases = (
				DFB90DED233C5CDB00C4D179 /* Sources */,
				DFB90DEE233C5CDB00C4D179 /* Frameworks */,
				DFB90DEF233C5CDB00C4D179 /* Resources */,
			);
			buildRules = (
			);
			dependencies = (
				DFB90DF3233C5CDB00C4D179 /* PBXTargetDependency */,
			);
			name = BOBAnimationGroupUITests;
			productName = BOBAnimationGroupUITests;
			productReference = DFB90DF1233C5CDB00C4D179 /* BOBAnimationGroupUITests.xctest */;
			productType = "com.apple.product-type.bundle.ui-testing";
		};
/* End PBXNativeTarget section */

/* Begin PBXProject section */
		DFB90DC6233C5CD800C4D179 /* Project object */ = {
			isa = PBXProject;
			attributes = {
				LastUpgradeCheck = 1020;
				ORGANIZATIONNAME = "张兴程";
				TargetAttributes = {
					DFB90DCD233C5CD800C4D179 = {
						CreatedOnToolsVersion = 10.2.1;
					};
					DFB90DE5233C5CDB00C4D179 = {
						CreatedOnToolsVersion = 10.2.1;
						TestTargetID = DFB90DCD233C5CD800C4D179;
					};
					DFB90DF0233C5CDB00C4D179 = {
						CreatedOnToolsVersion = 10.2.1;
						TestTargetID = DFB90DCD233C5CD800C4D179;
					};
				};
			};
			buildConfigurationList = DFB90DC9233C5CD800C4D179 /* Build configuration list for PBXProject "BOBAnimationGroup" */;
			compatibilityVersion = "Xcode 9.3";
			developmentRegion = en;
			hasScannedForEncodings = 0;
			knownRegions = (
				en,
				Base,
			);
			mainGroup = DFB90DC5233C5CD800C4D179;
			productRefGroup = DFB90DCF233C5CD800C4D179 /* Products */;
			projectDirPath = "";
			projectRoot = "";
			targets = (
				DFB90DCD233C5CD800C4D179 /* BOBAnimationGroup */,
				DFB90DE5233C5CDB00C4D179 /* BOBAnimationGroupTests */,
				DFB90DF0233C5CDB00C4D179 /* BOBAnimationGroupUITests */,
			);
		};
/* End PBXProject section */

/* Begin PBXResourcesBuildPhase section */
		DFB90DCC233C5CD800C4D179 /* Resources */ = {
			isa = PBXResourcesBuildPhase;
			buildActionMask = 2147483647;
			files = (
				DFB90DDE233C5CDA00C4D179 /* LaunchScreen.storyboard in Resources */,
				DFB90DDB233C5CDA00C4D179 /* Assets.xcassets in Resources */,
				DFB90DD9233C5CD900C4D179 /* Main.storyboard in Resources */,
			);
			runOnlyForDeploymentPostprocessing = 0;
		};
		DFB90DE4233C5CDB00C4D179 /* Resources */ = {
			isa = PBXResourcesBuildPhase;
			buildActionMask = 2147483647;
			files = (
			);
			runOnlyForDeploymentPostprocessing = 0;
		};
		DFB90DEF233C5CDB00C4D179 /* Resources */ = {
			isa = PBXResourcesBuildPhase;
			buildActionMask = 2147483647;
			files = (
			);
			runOnlyForDeploymentPostprocessing = 0;
		};
/* End PBXResourcesBuildPhase section */

/* Begin PBXSourcesBuildPhase section */
		DFB90DCA233C5CD800C4D179 /* Sources */ = {
			isa = PBXSourcesBuildPhase;
			buildActionMask = 2147483647;
			files = (
				C28D4B15238937BE004F6670 /* BOBLightBlueLoading2.m in Sources */,
				C28D4B1C23894340004F6670 /* BOBLightBlueLoading3.m in Sources */,
				C28D4B09238113B4004F6670 /* BOBThreeBallLoading1.m in Sources */,
				DF6DEF10237BAFA9005FF6C7 /* BOBLoadingFiveBallMove.m in Sources */,
				DFE702FF23863338001D987C /* BOBLoadingGroupSub3.m in Sources */,
				C28D4B122388FC86004F6670 /* BOBLightBlueLoading1.m in Sources */,
				DF6DEF16237CE702005FF6C7 /* BOBLoadingSixOneView.m in Sources */,
				DFE70302238777CF001D987C /* BOBLoadingGroupStarSub4.m in Sources */,
				DFB90DD6233C5CD900C4D179 /* ViewController.m in Sources */,
				C28D4B1F23896B34004F6670 /* BOBLightBlueLoading4.m in Sources */,
				C28D4B252389746F004F6670 /* BOBLightBlueLoading5.m in Sources */,
				DF6DEF13237BCD45005FF6C7 /* BOBLoadingEightArcView.m in Sources */,
				DFB90E05233C602C00C4D179 /* BOBAnimationCanvasView.m in Sources */,
				DFB90E09233C61FB00C4D179 /* BOBBallChangeTrangle.m in Sources */,
				DFB90DE1233C5CDA00C4D179 /* main.m in Sources */,
				C28D4B0E23813EB9004F6670 /* BOBSevenBallLoading2.m in Sources */,
				DF6DEF0D237BA85C005FF6C7 /* BOBLoadingThreeBallView.m in Sources */,
				DFB90DD3233C5CD800C4D179 /* AppDelegate.m in Sources */,
				C28D4B1923893889004F6670 /* BOBLoadingTool.m in Sources */,
				DF30A7A3237140F20038F018 /* BOBLoadingNieDiamondView.m in Sources */,
			);
			runOnlyForDeploymentPostprocessing = 0;
		};
		DFB90DE2233C5CDB00C4D179 /* Sources */ = {
			isa = PBXSourcesBuildPhase;
			buildActionMask = 2147483647;
			files = (
				DFB90DEB233C5CDB00C4D179 /* BOBAnimationGroupTests.m in Sources */,
			);
			runOnlyForDeploymentPostprocessing = 0;
		};
		DFB90DED233C5CDB00C4D179 /* Sources */ = {
			isa = PBXSourcesBuildPhase;
			buildActionMask = 2147483647;
			files = (
				DFB90DF6233C5CDB00C4D179 /* BOBAnimationGroupUITests.m in Sources */,
			);
			runOnlyForDeploymentPostprocessing = 0;
		};
/* End PBXSourcesBuildPhase section */

/* Begin PBXTargetDependency section */
		DFB90DE8233C5CDB00C4D179 /* PBXTargetDependency */ = {
			isa = PBXTargetDependency;
			target = DFB90DCD233C5CD800C4D179 /* BOBAnimationGroup */;
			targetProxy = DFB90DE7233C5CDB00C4D179 /* PBXContainerItemProxy */;
		};
		DFB90DF3233C5CDB00C4D179 /* PBXTargetDependency */ = {
			isa = PBXTargetDependency;
			target = DFB90DCD233C5CD800C4D179 /* BOBAnimationGroup */;
			targetProxy = DFB90DF2233C5CDB00C4D179 /* PBXContainerItemProxy */;
		};
/* End PBXTargetDependency section */

/* Begin PBXVariantGroup section */
		DFB90DD7233C5CD900C4D179 /* Main.storyboard */ = {
			isa = PBXVariantGroup;
			children = (
				DFB90DD8233C5CD900C4D179 /* Base */,
			);
			name = Main.storyboard;
			sourceTree = "<group>";
		};
		DFB90DDC233C5CDA00C4D179 /* LaunchScreen.storyboard */ = {
			isa = PBXVariantGroup;
			children = (
				DFB90DDD233C5CDA00C4D179 /* Base */,
			);
			name = LaunchScreen.storyboard;
			sourceTree = "<group>";
		};
/* End PBXVariantGroup section */

/* Begin XCBuildConfiguration section */
		DFB90DF8233C5CDB00C4D179 /* Debug */ = {
			isa = XCBuildConfiguration;
			buildSettings = {
				ALWAYS_SEARCH_USER_PATHS = NO;
				CLANG_ANALYZER_NONNULL = YES;
				CLANG_ANALYZER_NUMBER_OBJECT_CONVERSION = YES_AGGRESSIVE;
				CLANG_CXX_LANGUAGE_STANDARD = "gnu++14";
				CLANG_CXX_LIBRARY = "libc++";
				CLANG_ENABLE_MODULES = YES;
				CLANG_ENABLE_OBJC_ARC = YES;
				CLANG_ENABLE_OBJC_WEAK = YES;
				CLANG_WARN_BLOCK_CAPTURE_AUTORELEASING = YES;
				CLANG_WARN_BOOL_CONVERSION = YES;
				CLANG_WARN_COMMA = YES;
				CLANG_WARN_CONSTANT_CONVERSION = YES;
				CLANG_WARN_DEPRECATED_OBJC_IMPLEMENTATIONS = YES;
				CLANG_WARN_DIRECT_OBJC_ISA_USAGE = YES_ERROR;
				CLANG_WARN_DOCUMENTATION_COMMENTS = YES;
				CLANG_WARN_EMPTY_BODY = YES;
				CLANG_WARN_ENUM_CONVERSION = YES;
				CLANG_WARN_INFINITE_RECURSION = YES;
				CLANG_WARN_INT_CONVERSION = YES;
				CLANG_WARN_NON_LITERAL_NULL_CONVERSION = YES;
				CLANG_WARN_OBJC_IMPLICIT_RETAIN_SELF = YES;
				CLANG_WARN_OBJC_LITERAL_CONVERSION = YES;
				CLANG_WARN_OBJC_ROOT_CLASS = YES_ERROR;
				CLANG_WARN_RANGE_LOOP_ANALYSIS = YES;
				CLANG_WARN_STRICT_PROTOTYPES = YES;
				CLANG_WARN_SUSPICIOUS_MOVE = YES;
				CLANG_WARN_UNGUARDED_AVAILABILITY = YES_AGGRESSIVE;
				CLANG_WARN_UNREACHABLE_CODE = YES;
				CLANG_WARN__DUPLICATE_METHOD_MATCH = YES;
				CODE_SIGN_IDENTITY = "iPhone Developer";
				COPY_PHASE_STRIP = NO;
				DEBUG_INFORMATION_FORMAT = dwarf;
				ENABLE_STRICT_OBJC_MSGSEND = YES;
				ENABLE_TESTABILITY = YES;
				GCC_C_LANGUAGE_STANDARD = gnu11;
				GCC_DYNAMIC_NO_PIC = NO;
				GCC_NO_COMMON_BLOCKS = YES;
				GCC_OPTIMIZATION_LEVEL = 0;
				GCC_PREPROCESSOR_DEFINITIONS = (
					"DEBUG=1",
					"$(inherited)",
				);
				GCC_WARN_64_TO_32_BIT_CONVERSION = YES;
				GCC_WARN_ABOUT_RETURN_TYPE = YES_ERROR;
				GCC_WARN_UNDECLARED_SELECTOR = YES;
				GCC_WARN_UNINITIALIZED_AUTOS = YES_AGGRESSIVE;
				GCC_WARN_UNUSED_FUNCTION = YES;
				GCC_WARN_UNUSED_VARIABLE = YES;
				IPHONEOS_DEPLOYMENT_TARGET = 12.2;
				MTL_ENABLE_DEBUG_INFO = INCLUDE_SOURCE;
				MTL_FAST_MATH = YES;
				ONLY_ACTIVE_ARCH = YES;
				SDKROOT = iphoneos;
			};
			name = Debug;
		};
		DFB90DF9233C5CDB00C4D179 /* Release */ = {
			isa = XCBuildConfiguration;
			buildSettings = {
				ALWAYS_SEARCH_USER_PATHS = NO;
				CLANG_ANALYZER_NONNULL = YES;
				CLANG_ANALYZER_NUMBER_OBJECT_CONVERSION = YES_AGGRESSIVE;
				CLANG_CXX_LANGUAGE_STANDARD = "gnu++14";
				CLANG_CXX_LIBRARY = "libc++";
				CLANG_ENABLE_MODULES = YES;
				CLANG_ENABLE_OBJC_ARC = YES;
				CLANG_ENABLE_OBJC_WEAK = YES;
				CLANG_WARN_BLOCK_CAPTURE_AUTORELEASING = YES;
				CLANG_WARN_BOOL_CONVERSION = YES;
				CLANG_WARN_COMMA = YES;
				CLANG_WARN_CONSTANT_CONVERSION = YES;
				CLANG_WARN_DEPRECATED_OBJC_IMPLEMENTATIONS = YES;
				CLANG_WARN_DIRECT_OBJC_ISA_USAGE = YES_ERROR;
				CLANG_WARN_DOCUMENTATION_COMMENTS = YES;
				CLANG_WARN_EMPTY_BODY = YES;
				CLANG_WARN_ENUM_CONVERSION = YES;
				CLANG_WARN_INFINITE_RECURSION = YES;
				CLANG_WARN_INT_CONVERSION = YES;
				CLANG_WARN_NON_LITERAL_NULL_CONVERSION = YES;
				CLANG_WARN_OBJC_IMPLICIT_RETAIN_SELF = YES;
				CLANG_WARN_OBJC_LITERAL_CONVERSION = YES;
				CLANG_WARN_OBJC_ROOT_CLASS = YES_ERROR;
				CLANG_WARN_RANGE_LOOP_ANALYSIS = YES;
				CLANG_WARN_STRICT_PROTOTYPES = YES;
				CLANG_WARN_SUSPICIOUS_MOVE = YES;
				CLANG_WARN_UNGUARDED_AVAILABILITY = YES_AGGRESSIVE;
				CLANG_WARN_UNREACHABLE_CODE = YES;
				CLANG_WARN__DUPLICATE_METHOD_MATCH = YES;
				CODE_SIGN_IDENTITY = "iPhone Developer";
				COPY_PHASE_STRIP = NO;
				DEBUG_INFORMATION_FORMAT = "dwarf-with-dsym";
				ENABLE_NS_ASSERTIONS = NO;
				ENABLE_STRICT_OBJC_MSGSEND = YES;
				GCC_C_LANGUAGE_STANDARD = gnu11;
				GCC_NO_COMMON_BLOCKS = YES;
				GCC_WARN_64_TO_32_BIT_CONVERSION = YES;
				GCC_WARN_ABOUT_RETURN_TYPE = YES_ERROR;
				GCC_WARN_UNDECLARED_SELECTOR = YES;
				GCC_WARN_UNINITIALIZED_AUTOS = YES_AGGRESSIVE;
				GCC_WARN_UNUSED_FUNCTION = YES;
				GCC_WARN_UNUSED_VARIABLE = YES;
				IPHONEOS_DEPLOYMENT_TARGET = 12.2;
				MTL_ENABLE_DEBUG_INFO = NO;
				MTL_FAST_MATH = YES;
				SDKROOT = iphoneos;
				VALIDATE_PRODUCT = YES;
			};
			name = Release;
		};
		DFB90DFB233C5CDB00C4D179 /* Debug */ = {
			isa = XCBuildConfiguration;
			buildSettings = {
				ASSETCATALOG_COMPILER_APPICON_NAME = AppIcon;
				CODE_SIGN_STYLE = Automatic;
				GCC_PRECOMPILE_PREFIX_HEADER = YES;
				GCC_PREFIX_HEADER = "$(SRCROOT)/BOBAnimationGroup/BOBPchHeader.pch";
				INFOPLIST_FILE = BOBAnimationGroup/Info.plist;
				LD_RUNPATH_SEARCH_PATHS = (
					"$(inherited)",
					"@executable_path/Frameworks",
				);
				PRODUCT_BUNDLE_IDENTIFIER = PH.BOBAnimationGroup;
				PRODUCT_NAME = "$(TARGET_NAME)";
				TARGETED_DEVICE_FAMILY = "1,2";
			};
			name = Debug;
		};
		DFB90DFC233C5CDB00C4D179 /* Release */ = {
			isa = XCBuildConfiguration;
			buildSettings = {
				ASSETCATALOG_COMPILER_APPICON_NAME = AppIcon;
				CODE_SIGN_STYLE = Automatic;
				GCC_PRECOMPILE_PREFIX_HEADER = YES;
				GCC_PREFIX_HEADER = "$(SRCROOT)/BOBAnimationGroup/BOBPchHeader.pch";
				INFOPLIST_FILE = BOBAnimationGroup/Info.plist;
				LD_RUNPATH_SEARCH_PATHS = (
					"$(inherited)",
					"@executable_path/Frameworks",
				);
				PRODUCT_BUNDLE_IDENTIFIER = PH.BOBAnimationGroup;
				PRODUCT_NAME = "$(TARGET_NAME)";
				TARGETED_DEVICE_FAMILY = "1,2";
			};
			name = Release;
		};
		DFB90DFE233C5CDB00C4D179 /* Debug */ = {
			isa = XCBuildConfiguration;
			buildSettings = {
				BUNDLE_LOADER = "$(TEST_HOST)";
				CODE_SIGN_STYLE = Automatic;
				INFOPLIST_FILE = BOBAnimationGroupTests/Info.plist;
				LD_RUNPATH_SEARCH_PATHS = (
					"$(inherited)",
					"@executable_path/Frameworks",
					"@loader_path/Frameworks",
				);
				PRODUCT_BUNDLE_IDENTIFIER = PH.BOBAnimationGroupTests;
				PRODUCT_NAME = "$(TARGET_NAME)";
				TARGETED_DEVICE_FAMILY = "1,2";
				TEST_HOST = "$(BUILT_PRODUCTS_DIR)/BOBAnimationGroup.app/BOBAnimationGroup";
			};
			name = Debug;
		};
		DFB90DFF233C5CDB00C4D179 /* Release */ = {
			isa = XCBuildConfiguration;
			buildSettings = {
				BUNDLE_LOADER = "$(TEST_HOST)";
				CODE_SIGN_STYLE = Automatic;
				INFOPLIST_FILE = BOBAnimationGroupTests/Info.plist;
				LD_RUNPATH_SEARCH_PATHS = (
					"$(inherited)",
					"@executable_path/Frameworks",
					"@loader_path/Frameworks",
				);
				PRODUCT_BUNDLE_IDENTIFIER = PH.BOBAnimationGroupTests;
				PRODUCT_NAME = "$(TARGET_NAME)";
				TARGETED_DEVICE_FAMILY = "1,2";
				TEST_HOST = "$(BUILT_PRODUCTS_DIR)/BOBAnimationGroup.app/BOBAnimationGroup";
			};
			name = Release;
		};
		DFB90E01233C5CDB00C4D179 /* Debug */ = {
			isa = XCBuildConfiguration;
			buildSettings = {
				CODE_SIGN_STYLE = Automatic;
				INFOPLIST_FILE = BOBAnimationGroupUITests/Info.plist;
				LD_RUNPATH_SEARCH_PATHS = (
					"$(inherited)",
					"@executable_path/Frameworks",
					"@loader_path/Frameworks",
				);
				PRODUCT_BUNDLE_IDENTIFIER = PH.BOBAnimationGroupUITests;
				PRODUCT_NAME = "$(TARGET_NAME)";
				TARGETED_DEVICE_FAMILY = "1,2";
				TEST_TARGET_NAME = BOBAnimationGroup;
			};
			name = Debug;
		};
		DFB90E02233C5CDB00C4D179 /* Release */ = {
			isa = XCBuildConfiguration;
			buildSettings = {
				CODE_SIGN_STYLE = Automatic;
				INFOPLIST_FILE = BOBAnimationGroupUITests/Info.plist;
				LD_RUNPATH_SEARCH_PATHS = (
					"$(inherited)",
					"@executable_path/Frameworks",
					"@loader_path/Frameworks",
				);
				PRODUCT_BUNDLE_IDENTIFIER = PH.BOBAnimationGroupUITests;
				PRODUCT_NAME = "$(TARGET_NAME)";
				TARGETED_DEVICE_FAMILY = "1,2";
				TEST_TARGET_NAME = BOBAnimationGroup;
			};
			name = Release;
		};
/* End XCBuildConfiguration section */

/* Begin XCConfigurationList section */
		DFB90DC9233C5CD800C4D179 /* Build configuration list for PBXProject "BOBAnimationGroup" */ = {
			isa = XCConfigurationList;
			buildConfigurations = (
				DFB90DF8233C5CDB00C4D179 /* Debug */,
				DFB90DF9233C5CDB00C4D179 /* Release */,
			);
			defaultConfigurationIsVisible = 0;
			defaultConfigurationName = Release;
		};
		DFB90DFA233C5CDB00C4D179 /* Build configuration list for PBXNativeTarget "BOBAnimationGroup" */ = {
			isa = XCConfigurationList;
			buildConfigurations = (
				DFB90DFB233C5CDB00C4D179 /* Debug */,
				DFB90DFC233C5CDB00C4D179 /* Release */,
			);
			defaultConfigurationIsVisible = 0;
			defaultConfigurationName = Release;
		};
		DFB90DFD233C5CDB00C4D179 /* Build configuration list for PBXNativeTarget "BOBAnimationGroupTests" */ = {
			isa = XCConfigurationList;
			buildConfigurations = (
				DFB90DFE233C5CDB00C4D179 /* Debug */,
				DFB90DFF233C5CDB00C4D179 /* Release */,
			);
			defaultConfigurationIsVisible = 0;
			defaultConfigurationName = Release;
		};
		DFB90E00233C5CDB00C4D179 /* Build configuration list for PBXNativeTarget "BOBAnimationGroupUITests" */ = {
			isa = XCConfigurationList;
			buildConfigurations = (
				DFB90E01233C5CDB00C4D179 /* Debug */,
				DFB90E02233C5CDB00C4D179 /* Release */,
			);
			defaultConfigurationIsVisible = 0;
			defaultConfigurationName = Release;
		};
/* End XCConfigurationList section */
	};
	rootObject = DFB90DC6233C5CD800C4D179 /* Project object */;
}
